
Microsoft Visual Studio Solution File, Format Version 12.00
# Visual Studio Version 17
VisualStudioVersion = 17.3.32929.385
MinimumVisualStudioVersion = 10.0.40219.1
Project("{FAE04EC0-301F-11D3-BF4B-00C04F79EFBC}") = "pr_web", "pr_web\pr_web.csproj", "{C7A9907A-D6F0-4CAC-8C57-81D90BB839C1}"
EndProject
Project("{FAE04EC0-301F-11D3-BF4B-00C04F79EFBC}") = "Modelo", "Modelo\Modelo.csproj", "{8DF1DD1B-2C17-4537-B629-FE533AD61B79}"
EndProject
Global
	GlobalSection(SolutionConfigurationPlatforms) = preSolution
		Debug|Any CPU = Debug|Any CPU
		Release|Any CPU = Release|Any CPU
	EndGlobalSection
	GlobalSection(ProjectConfigurationPlatforms) = postSolution
		{C7A9907A-D6F0-4CAC-8C57-81D90BB839C1}.Debug|Any CPU.ActiveCfg = Debug|Any CPU
		{C7A9907A-D6F0-4CAC-8C57-81D90BB839C1}.Debug|Any CPU.Build.0 = Debug|Any CPU
		{C7A9907A-D6F0-4CAC-8C57-81D90BB839C1}.Release|Any CPU.ActiveCfg = Release|Any CPU
		{C7A9907A-D6F0-4CAC-8C57-81D90BB839C1}.Release|Any CPU.Build.0 = Release|Any CPU
		{8DF1DD1B-2C17-4537-B629-FE533AD61B79}.Debug|Any CPU.ActiveCfg = Debug|Any CPU
		{8DF1DD1B-2C17-4537-B629-FE533AD61B79}.Debug|Any CPU.Build.0 = Debug|Any CPU
		{8DF1DD1B-2C17-4537-B629-FE533AD61B79}.Release|Any CPU.ActiveCfg = Release|Any CPU
		{8DF1DD1B-2C17-4537-B629-FE533AD61B79}.Release|Any CPU.Build.0 = Release|Any CPU
	EndGlobalSection
	GlobalSection(SolutionProperties) = preSolution
		HideSolutionNode = FALSE
	EndGlobalSection
	GlobalSection(ExtensibilityGlobals) = postSolution
		SolutionGuid = {948FCED1-9A23-4D26-83C6-687C7838D4CE}
	EndGlobalSection
EndGlobal
